{
  "object": {
    "pins": [
      {
        "package": "MatomoTracker",
        "repositoryURL": "https://github.com/matomo-org/matomo-sdk-ios.git",
        "state": {
          "branch": null,
          "revision": "8abf0b655d4d3a937f96b8a6e0b66e21cb6b312d",
          "version": "7.4.1"
        }
      },
      {
        "package": "napkin",
        "repositoryURL": "https://github.com/WikipediaBrown/napkin.git",
        "state": {
          "branch": "main",
          "revision": "e98c533affdaa2b42a5290565cbd1bb2ca76823f",
          "version": null
        }
      },
      {
        "package": "PLCrashReporter",
        "repositoryURL": "https://github.com/microsoft/plcrashreporter.git",
        "state": {
          "branch": null,
          "revision": "6b27393cad517c067dceea85fadf050e70c4ceaa",
          "version": "1.10.1"
        }
      },
      {
        "package": "SFSymbols",
        "repositoryURL": "https://github.com/WikipediaBrown/SFSymbols.git",
        "state": {
          "branch": "master",
          "revision": "59f5440e3c463e2f34b1ba189540eee67928c054",
          "version": null
        }
      }
    ]
  },
  "version": 1
}
